{
  "nodes": {
    "home-manager": {
      "inputs": {
        "nixpkgs": [
          "nixpkgs"
        ]
      },
      "locked": {
        "lastModified": 1762463325,
        "narHash": "sha256-33YUsWpPyeBZEWrKQ2a1gkRZ7i0XCC/2MYpU6BVeQSU=",
        "owner": "nix-community",
        "repo": "home-manager",
        "rev": "0562fef070a1027325dd4ea10813d64d2c967b39",
        "type": "github"
      },
      "original": {
        "owner": "nix-community",
        "repo": "home-manager",
        "type": "github"
      }
    },
    "nixos-06cb-009a-fingerprint-sensor": {
      "inputs": {
        "nixpkgs": [
          "nixpkgs"
        ]
      },
      "locked": {
        "lastModified": 1753006599,
        "narHash": "sha256-AlMO0wtmWRRyg2Q3oXCmFM1pQNdily4hqj9TrXTzqtM=",
        "owner": "elvetemedve",
        "repo": "nixos-06cb-009a-fingerprint-sensor",
        "rev": "dd2a6eff575aa10d3d3d13e524e605985d28d4c4",
        "type": "github"
      },
      "original": {
        "owner": "elvetemedve",
        "ref": "master",
        "repo": "nixos-06cb-009a-fingerprint-sensor",
        "type": "github"
      }
    },
    "nixpkgs": {
      "locked": {
        "lastModified": 1762363567,
        "narHash": "sha256-YRqMDEtSMbitIMj+JLpheSz0pwEr0Rmy5mC7myl17xs=",
        "owner": "nixos",
        "repo": "nixpkgs",
        "rev": "ae814fd3904b621d8ab97418f1d0f2eb0d3716f4",
        "type": "github"
      },
      "original": {
        "owner": "nixos",
        "ref": "nixos-unstable",
        "repo": "nixpkgs",
        "type": "github"
      }
    },
    "root": {
      "inputs": {
        "home-manager": "home-manager",
        "nixos-06cb-009a-fingerprint-sensor": "nixos-06cb-009a-fingerprint-sensor",
        "nixpkgs": "nixpkgs"
      }
    }
  },
  "root": "root",
  "version": 7
}
